
Microsoft Visual Studio Solution File, Format Version 12.00
# Visual Studio Version 17
VisualStudioVersion = 17.4.33205.214
MinimumVisualStudioVersion = 10.0.40219.1
Project("{FAE04EC0-301F-11D3-BF4B-00C04F79EFBC}") = "BlackSquare", "BlackSquare\BlackSquare.csproj", "{07D6640A-9A67-47CC-9763-DC98C42D25D3}"
EndProject
Global
	GlobalSection(SolutionConfigurationPlatforms) = preSolution
		Debug|Any CPU = Debug|Any CPU
		Release|Any CPU = Release|Any CPU
	EndGlobalSection
	GlobalSection(ProjectConfigurationPlatforms) = postSolution
		{07D6640A-9A67-47CC-9763-DC98C42D25D3}.Debug|Any CPU.ActiveCfg = Debug|Any CPU
		{07D6640A-9A67-47CC-9763-DC98C42D25D3}.Debug|Any CPU.Build.0 = Debug|Any CPU
		{07D6640A-9A67-47CC-9763-DC98C42D25D3}.Release|Any CPU.ActiveCfg = Release|Any CPU
		{07D6640A-9A67-47CC-9763-DC98C42D25D3}.Release|Any CPU.Build.0 = Release|Any CPU
	EndGlobalSection
	GlobalSection(SolutionProperties) = preSolution
		HideSolutionNode = FALSE
	EndGlobalSection
	GlobalSection(ExtensibilityGlobals) = postSolution
		SolutionGuid = {96735597-CAD9-4F53-9465-326F04ABBE5F}
	EndGlobalSection
EndGlobal
